{
  "version": 4,
  "terraform_version": "1.12.2",
  "serial": 15,
  "lineage": "ffab180a-4a5d-67af-b555-4587466de667",
  "outputs": {
    "backup_bucket_name": {
      "value": "analog-fastness-472715-j6-dbt-backup",
      "type": "string"
    },
    "customer_cdp_bucket_name": {
      "value": "analog-fastness-472715-j6-customer-cdp",
      "type": "string"
    },
    "customer_cdp_table_id": {
      "value": "customer_target",
      "type": "string"
    },
    "customer_fdp_table_id": {
      "value": "customer_info",
      "type": "string"
    },
    "dataset_cdp_id": {
      "value": "customer_cdp",
      "type": "string"
    },
    "dataset_fdp_id": {
      "value": "customer_fdp",
      "type": "string"
    }
  },
  "resources": [
    {
      "mode": "managed",
      "type": "google_bigquery_dataset",
      "name": "customer_cdp",
      "provider": "provider[\"registry.terraform.io/hashicorp/google\"]",
      "instances": [
        {
          "schema_version": 0,
          "attributes": {
            "access": [
              {
                "dataset": [],
                "domain": "",
                "group_by_email": "",
                "role": "OWNER",
                "routine": [],
                "special_group": "",
                "user_by_email": "tf-bq-sa@analog-fastness-472715-j6.iam.gserviceaccount.com",
                "view": []
              },
              {
                "dataset": [],
                "domain": "",
                "group_by_email": "",
                "role": "OWNER",
                "routine": [],
                "special_group": "projectOwners",
                "user_by_email": "",
                "view": []
              },
              {
                "dataset": [],
                "domain": "",
                "group_by_email": "",
                "role": "READER",
                "routine": [],
                "special_group": "projectReaders",
                "user_by_email": "",
                "view": []
              },
              {
                "dataset": [],
                "domain": "",
                "group_by_email": "",
                "role": "WRITER",
                "routine": [],
                "special_group": "projectWriters",
                "user_by_email": "",
                "view": []
              }
            ],
            "creation_time": -146881343,
            "dataset_id": "customer_cdp",
            "default_collation": "",
            "default_encryption_configuration": [],
            "default_partition_expiration_ms": 0,
            "default_table_expiration_ms": 0,
            "delete_contents_on_destroy": false,
            "description": "Customer Data Platform dataset (customer_cdp)",
            "etag": "DgrpUYffzu5lKENqSCWFJQ==",
            "friendly_name": "",
            "id": "projects/analog-fastness-472715-j6/datasets/customer_cdp",
            "is_case_insensitive": false,
            "labels": {
              "created_by": "terraform",
              "env": "dev"
            },
            "last_modified_time": -146881343,
            "location": "asia-south1",
            "max_time_travel_hours": "168",
            "project": "analog-fastness-472715-j6",
            "self_link": "https://bigquery.googleapis.com/bigquery/v2/projects/analog-fastness-472715-j6/datasets/customer_cdp",
            "storage_billing_model": "",
            "timeouts": null
          },
          "sensitive_attributes": [],
          "identity_schema_version": 0,
          "private": "eyJlMmJmYjczMC1lY2FhLTExZTYtOGY4OC0zNDM2M2JjN2M0YzAiOnsiY3JlYXRlIjoxMjAwMDAwMDAwMDAwLCJkZWxldGUiOjEyMDAwMDAwMDAwMDAsInVwZGF0ZSI6MTIwMDAwMDAwMDAwMH19"
        }
      ]
    },
    {
      "mode": "managed",
      "type": "google_bigquery_dataset",
      "name": "customer_fdp",
      "provider": "provider[\"registry.terraform.io/hashicorp/google\"]",
      "instances": [
        {
          "schema_version": 0,
          "attributes": {
            "access": [
              {
                "dataset": [],
                "domain": "",
                "group_by_email": "",
                "role": "OWNER",
                "routine": [],
                "special_group": "",
                "user_by_email": "tf-bq-sa@analog-fastness-472715-j6.iam.gserviceaccount.com",
                "view": []
              },
              {
                "dataset": [],
                "domain": "",
                "group_by_email": "",
                "role": "OWNER",
                "routine": [],
                "special_group": "projectOwners",
                "user_by_email": "",
                "view": []
              },
              {
                "dataset": [],
                "domain": "",
                "group_by_email": "",
                "role": "READER",
                "routine": [],
                "special_group": "projectReaders",
                "user_by_email": "",
                "view": []
              },
              {
                "dataset": [],
                "domain": "",
                "group_by_email": "",
                "role": "WRITER",
                "routine": [],
                "special_group": "projectWriters",
                "user_by_email": "",
                "view": []
              }
            ],
            "creation_time": -146881341,
            "dataset_id": "customer_fdp",
            "default_collation": "",
            "default_encryption_configuration": [],
            "default_partition_expiration_ms": 0,
            "default_table_expiration_ms": 0,
            "delete_contents_on_destroy": false,
            "description": "Foundation Data Platform dataset for customer (customer_fdp)",
            "etag": "EHypYs90lv4hs91GCQGHng==",
            "friendly_name": "",
            "id": "projects/analog-fastness-472715-j6/datasets/customer_fdp",
            "is_case_insensitive": false,
            "labels": {
              "created_by": "terraform",
              "env": "dev"
            },
            "last_modified_time": -146881341,
            "location": "asia-south1",
            "max_time_travel_hours": "168",
            "project": "analog-fastness-472715-j6",
            "self_link": "https://bigquery.googleapis.com/bigquery/v2/projects/analog-fastness-472715-j6/datasets/customer_fdp",
            "storage_billing_model": "",
            "timeouts": null
          },
          "sensitive_attributes": [],
          "identity_schema_version": 0,
          "private": "eyJlMmJmYjczMC1lY2FhLTExZTYtOGY4OC0zNDM2M2JjN2M0YzAiOnsiY3JlYXRlIjoxMjAwMDAwMDAwMDAwLCJkZWxldGUiOjEyMDAwMDAwMDAwMDAsInVwZGF0ZSI6MTIwMDAwMDAwMDAwMH19"
        }
      ]
    },
    {
      "mode": "managed",
      "type": "google_bigquery_table",
      "name": "customer_cdp_table",
      "provider": "provider[\"registry.terraform.io/hashicorp/google\"]",
      "instances": [
        {
          "schema_version": 0,
          "attributes": {
            "clustering": null,
            "creation_time": -142810676,
            "dataset_id": "customer_cdp",
            "deletion_protection": true,
            "description": "",
            "encryption_configuration": [],
            "etag": "NDjUCmOuUO95dVh7l0I+OA==",
            "expiration_time": 0,
            "external_data_configuration": [],
            "friendly_name": "",
            "id": "projects/analog-fastness-472715-j6/datasets/customer_cdp/tables/customer_target",
            "labels": {},
            "last_modified_time": -142810641,
            "location": "asia-south1",
            "materialized_view": [],
            "max_staleness": "",
            "num_bytes": 0,
            "num_long_term_bytes": 0,
            "num_rows": 0,
            "project": "analog-fastness-472715-j6",
            "range_partitioning": [],
            "schema": "[{\"mode\":\"REQUIRED\",\"name\":\"customer_id\",\"type\":\"INTEGER\"},{\"mode\":\"NULLABLE\",\"name\":\"sname\",\"type\":\"STRING\"},{\"mode\":\"NULLABLE\",\"name\":\"location\",\"type\":\"STRING\"},{\"mode\":\"NULLABLE\",\"name\":\"sal\",\"type\":\"FLOAT\"},{\"mode\":\"NULLABLE\",\"name\":\"email\",\"type\":\"STRING\"},{\"mode\":\"NULLABLE\",\"name\":\"signup_date\",\"type\":\"DATE\"},{\"mode\":\"NULLABLE\",\"name\":\"status\",\"type\":\"STRING\"},{\"mode\":\"NULLABLE\",\"name\":\"loyalty_score\",\"type\":\"FLOAT\"}]",
            "self_link": "https://bigquery.googleapis.com/bigquery/v2/projects/analog-fastness-472715-j6/datasets/customer_cdp/tables/customer_target",
            "table_constraints": [],
            "table_id": "customer_target",
            "time_partitioning": [],
            "type": "TABLE",
            "view": []
          },
          "sensitive_attributes": [],
          "identity_schema_version": 0,
          "private": "bnVsbA==",
          "dependencies": [
            "google_bigquery_dataset.customer_cdp"
          ]
        }
      ]
    },
    {
      "mode": "managed",
      "type": "google_bigquery_table",
      "name": "customer_fdp_table",
      "provider": "provider[\"registry.terraform.io/hashicorp/google\"]",
      "instances": [
        {
          "schema_version": 0,
          "attributes": {
            "clustering": null,
            "creation_time": -144723774,
            "dataset_id": "customer_fdp",
            "deletion_protection": true,
            "description": "",
            "encryption_configuration": [],
            "etag": "eQrE8eouYKmVA9oKYWIVKQ==",
            "expiration_time": 0,
            "external_data_configuration": [],
            "friendly_name": "",
            "id": "projects/analog-fastness-472715-j6/datasets/customer_fdp/tables/customer_info",
            "labels": {},
            "last_modified_time": -143910779,
            "location": "asia-south1",
            "materialized_view": [],
            "max_staleness": "",
            "num_bytes": 12397,
            "num_long_term_bytes": 0,
            "num_rows": 100,
            "project": "analog-fastness-472715-j6",
            "range_partitioning": [],
            "schema": "[{\"mode\":\"NULLABLE\",\"name\":\"CustomerID\",\"type\":\"INTEGER\"},{\"mode\":\"NULLABLE\",\"name\":\"CustomerName\",\"type\":\"STRING\"},{\"mode\":\"NULLABLE\",\"name\":\"Email\",\"type\":\"STRING\"},{\"mode\":\"NULLABLE\",\"name\":\"PhoneNumber\",\"type\":\"STRING\"},{\"mode\":\"NULLABLE\",\"name\":\"Location\",\"type\":\"STRING\"},{\"mode\":\"NULLABLE\",\"name\":\"Country\",\"type\":\"STRING\"},{\"mode\":\"NULLABLE\",\"name\":\"JoinDate\",\"type\":\"DATE\"},{\"mode\":\"NULLABLE\",\"name\":\"LastPurchaseDate\",\"type\":\"DATE\"},{\"mode\":\"NULLABLE\",\"name\":\"TotalSpent\",\"type\":\"FLOAT\"},{\"mode\":\"NULLABLE\",\"name\":\"LoyaltyPoints\",\"type\":\"INTEGER\"}]",
            "self_link": "https://bigquery.googleapis.com/bigquery/v2/projects/analog-fastness-472715-j6/datasets/customer_fdp/tables/customer_info",
            "table_constraints": [],
            "table_id": "customer_info",
            "time_partitioning": [],
            "type": "TABLE",
            "view": []
          },
          "sensitive_attributes": [],
          "identity_schema_version": 0,
          "private": "bnVsbA==",
          "dependencies": [
            "google_bigquery_dataset.customer_fdp"
          ]
        }
      ]
    },
    {
      "mode": "managed",
      "type": "google_storage_bucket",
      "name": "backup",
      "provider": "provider[\"registry.terraform.io/hashicorp/google\"]",
      "instances": [
        {
          "schema_version": 0,
          "attributes": {
            "autoclass": [],
            "cors": [],
            "custom_placement_config": [],
            "default_event_based_hold": false,
            "encryption": [],
            "force_destroy": false,
            "id": "analog-fastness-472715-j6-dbt-backup",
            "labels": {
              "created_by": "terraform",
              "env": "dev"
            },
            "lifecycle_rule": [],
            "location": "ASIA-SOUTH1",
            "logging": [],
            "name": "analog-fastness-472715-j6-dbt-backup",
            "project": "analog-fastness-472715-j6",
            "public_access_prevention": "inherited",
            "requester_pays": false,
            "retention_policy": [],
            "self_link": "https://www.googleapis.com/storage/v1/b/analog-fastness-472715-j6-dbt-backup",
            "soft_delete_policy": [
              {
                "effective_time": "2025-10-18T12:22:43.346Z",
                "retention_duration_seconds": 604800
              }
            ],
            "storage_class": "STANDARD",
            "timeouts": null,
            "uniform_bucket_level_access": true,
            "url": "gs://analog-fastness-472715-j6-dbt-backup",
            "versioning": [],
            "website": []
          },
          "sensitive_attributes": [],
          "identity_schema_version": 0,
          "private": "eyJlMmJmYjczMC1lY2FhLTExZTYtOGY4OC0zNDM2M2JjN2M0YzAiOnsiY3JlYXRlIjo2MDAwMDAwMDAwMDAsInJlYWQiOjI0MDAwMDAwMDAwMCwidXBkYXRlIjoyNDAwMDAwMDAwMDB9fQ=="
        }
      ]
    },
    {
      "mode": "managed",
      "type": "google_storage_bucket",
      "name": "customer_cdp_bucket",
      "provider": "provider[\"registry.terraform.io/hashicorp/google\"]",
      "instances": [
        {
          "schema_version": 0,
          "attributes": {
            "autoclass": [],
            "cors": [],
            "custom_placement_config": [],
            "default_event_based_hold": false,
            "encryption": [],
            "force_destroy": false,
            "id": "analog-fastness-472715-j6-customer-cdp",
            "labels": {
              "created_by": "terraform",
              "env": "dev"
            },
            "lifecycle_rule": [],
            "location": "ASIA-SOUTH1",
            "logging": [],
            "name": "analog-fastness-472715-j6-customer-cdp",
            "project": "analog-fastness-472715-j6",
            "public_access_prevention": "inherited",
            "requester_pays": false,
            "retention_policy": [],
            "self_link": "https://www.googleapis.com/storage/v1/b/analog-fastness-472715-j6-customer-cdp",
            "soft_delete_policy": [
              {
                "effective_time": "2025-10-18T12:26:18.704Z",
                "retention_duration_seconds": 604800
              }
            ],
            "storage_class": "STANDARD",
            "timeouts": null,
            "uniform_bucket_level_access": true,
            "url": "gs://analog-fastness-472715-j6-customer-cdp",
            "versioning": [],
            "website": []
          },
          "sensitive_attributes": [],
          "identity_schema_version": 0,
          "private": "eyJlMmJmYjczMC1lY2FhLTExZTYtOGY4OC0zNDM2M2JjN2M0YzAiOnsiY3JlYXRlIjo2MDAwMDAwMDAwMDAsInJlYWQiOjI0MDAwMDAwMDAwMCwidXBkYXRlIjoyNDAwMDAwMDAwMDB9fQ=="
        }
      ]
    }
  ],
  "check_results": null
}
